
Microsoft Visual Studio Solution File, Format Version 12.00
# Visual Studio Version 16
VisualStudioVersion = 16.0.29509.3
MinimumVisualStudioVersion = 10.0.40219.1
Project("{8BC9CEB8-8B4A-11D0-8D11-00A0C91BC942}") = "TH KTLT tuan 5", "TH KTLT tuan 5\TH KTLT tuan 5.vcxproj", "{1A970A11-C6A8-4078-AF07-E9944D810A31}"
EndProject
Global
	GlobalSection(SolutionConfigurationPlatforms) = preSolution
		Debug|x64 = Debug|x64
		Debug|x86 = Debug|x86
		Release|x64 = Release|x64
		Release|x86 = Release|x86
	EndGlobalSection
	GlobalSection(ProjectConfigurationPlatforms) = postSolution
		{1A970A11-C6A8-4078-AF07-E9944D810A31}.Debug|x64.ActiveCfg = Debug|x64
		{1A970A11-C6A8-4078-AF07-E9944D810A31}.Debug|x64.Build.0 = Debug|x64
		{1A970A11-C6A8-4078-AF07-E9944D810A31}.Debug|x86.ActiveCfg = Debug|Win32
		{1A970A11-C6A8-4078-AF07-E9944D810A31}.Debug|x86.Build.0 = Debug|Win32
		{1A970A11-C6A8-4078-AF07-E9944D810A31}.Release|x64.ActiveCfg = Release|x64
		{1A970A11-C6A8-4078-AF07-E9944D810A31}.Release|x64.Build.0 = Release|x64
		{1A970A11-C6A8-4078-AF07-E9944D810A31}.Release|x86.ActiveCfg = Release|Win32
		{1A970A11-C6A8-4078-AF07-E9944D810A31}.Release|x86.Build.0 = Release|Win32
	EndGlobalSection
	GlobalSection(SolutionProperties) = preSolution
		HideSolutionNode = FALSE
	EndGlobalSection
	GlobalSection(ExtensibilityGlobals) = postSolution
		SolutionGuid = {3650E5B6-F60C-4DAB-90D1-A9241548B02E}
	EndGlobalSection
EndGlobal
